// !$*UTF8*$!
{
	archiveVersion = 1;
	classes = {
	};
	objectVersion = 56;
	objects = {

/* Begin PBXBuildFile section */
		30FA6CD22AB42CEF002499DB /* HikeApp.swift in Sources */ = {isa = PBXBuildFile; fileRef = 30FA6CD12AB42CEF002499DB /* HikeApp.swift */; };
		30FA6CD42AB42CEF002499DB /* ContentView.swift in Sources */ = {isa = PBXBuildFile; fileRef = 30FA6CD32AB42CEF002499DB /* ContentView.swift */; };
		30FA6CD62AB42CF1002499DB /* Assets.xcassets in Resources */ = {isa = PBXBuildFile; fileRef = 30FA6CD52AB42CF1002499DB /* Assets.xcassets */; };
		30FA6CD92AB42CF1002499DB /* Preview Assets.xcassets in Resources */ = {isa = PBXBuildFile; fileRef = 30FA6CD82AB42CF1002499DB /* Preview Assets.xcassets */; };
		30FA6CE02AB42F65002499DB /* CardView.swift in Sources */ = {isa = PBXBuildFile; fileRef = 30FA6CDF2AB42F65002499DB /* CardView.swift */; };
		30FA6CE32AB4319A002499DB /* CustomBackgroundView.swift in Sources */ = {isa = PBXBuildFile; fileRef = 30FA6CE22AB4319A002499DB /* CustomBackgroundView.swift */; };
		30FA6CE62AB4338D002499DB /* ColorExtension.swift in Sources */ = {isa = PBXBuildFile; fileRef = 30FA6CE52AB4338D002499DB /* ColorExtension.swift */; };
		30FA6CE82AB43BC3002499DB /* CustomButtonView.swift in Sources */ = {isa = PBXBuildFile; fileRef = 30FA6CE72AB43BC3002499DB /* CustomButtonView.swift */; };
		30FA6CEA2AB443EF002499DB /* GadientButtonStyle.swift in Sources */ = {isa = PBXBuildFile; fileRef = 30FA6CE92AB443EF002499DB /* GadientButtonStyle.swift */; };
		30FA6CEC2AB44A91002499DB /* CustomCircleView.swift in Sources */ = {isa = PBXBuildFile; fileRef = 30FA6CEB2AB44A91002499DB /* CustomCircleView.swift */; };
		30FA6CEE2AB44CC7002499DB /* MotionAnimationView.swift in Sources */ = {isa = PBXBuildFile; fileRef = 30FA6CED2AB44CC7002499DB /* MotionAnimationView.swift */; };
		30FA6CF12AB46933002499DB /* SettingsView.swift in Sources */ = {isa = PBXBuildFile; fileRef = 30FA6CF02AB46933002499DB /* SettingsView.swift */; };
		30FA6CF32AB47688002499DB /* CustomListRowView.swift in Sources */ = {isa = PBXBuildFile; fileRef = 30FA6CF22AB47688002499DB /* CustomListRowView.swift */; };
/* End PBXBuildFile section */

/* Begin PBXFileReference section */
		30FA6CCE2AB42CEF002499DB /* Hike.app */ = {isa = PBXFileReference; explicitFileType = wrapper.application; includeInIndex = 0; path = Hike.app; sourceTree = BUILT_PRODUCTS_DIR; };
		30FA6CD12AB42CEF002499DB /* HikeApp.swift */ = {isa = PBXFileReference; lastKnownFileType = sourcecode.swift; path = HikeApp.swift; sourceTree = "<group>"; };
		30FA6CD32AB42CEF002499DB /* ContentView.swift */ = {isa = PBXFileReference; lastKnownFileType = sourcecode.swift; path = ContentView.swift; sourceTree = "<group>"; };
		30FA6CD52AB42CF1002499DB /* Assets.xcassets */ = {isa = PBXFileReference; lastKnownFileType = folder.assetcatalog; path = Assets.xcassets; sourceTree = "<group>"; };
		30FA6CD82AB42CF1002499DB /* Preview Assets.xcassets */ = {isa = PBXFileReference; lastKnownFileType = folder.assetcatalog; path = "Preview Assets.xcassets"; sourceTree = "<group>"; };
		30FA6CDF2AB42F65002499DB /* CardView.swift */ = {isa = PBXFileReference; lastKnownFileType = sourcecode.swift; path = CardView.swift; sourceTree = "<group>"; };
		30FA6CE22AB4319A002499DB /* CustomBackgroundView.swift */ = {isa = PBXFileReference; lastKnownFileType = sourcecode.swift; path = CustomBackgroundView.swift; sourceTree = "<group>"; };
		30FA6CE52AB4338D002499DB /* ColorExtension.swift */ = {isa = PBXFileReference; lastKnownFileType = sourcecode.swift; path = ColorExtension.swift; sourceTree = "<group>"; };
		30FA6CE72AB43BC3002499DB /* CustomButtonView.swift */ = {isa = PBXFileReference; lastKnownFileType = sourcecode.swift; path = CustomButtonView.swift; sourceTree = "<group>"; };
		30FA6CE92AB443EF002499DB /* GadientButtonStyle.swift */ = {isa = PBXFileReference; lastKnownFileType = sourcecode.swift; path = GadientButtonStyle.swift; sourceTree = "<group>"; };
		30FA6CEB2AB44A91002499DB /* CustomCircleView.swift */ = {isa = PBXFileReference; lastKnownFileType = sourcecode.swift; path = CustomCircleView.swift; sourceTree = "<group>"; };
		30FA6CED2AB44CC7002499DB /* MotionAnimationView.swift */ = {isa = PBXFileReference; lastKnownFileType = sourcecode.swift; path = MotionAnimationView.swift; sourceTree = "<group>"; };
		30FA6CF02AB46933002499DB /* SettingsView.swift */ = {isa = PBXFileReference; lastKnownFileType = sourcecode.swift; path = SettingsView.swift; sourceTree = "<group>"; };
		30FA6CF22AB47688002499DB /* CustomListRowView.swift */ = {isa = PBXFileReference; lastKnownFileType = sourcecode.swift; path = CustomListRowView.swift; sourceTree = "<group>"; };
/* End PBXFileReference section */

/* Begin PBXFrameworksBuildPhase section */
		30FA6CCB2AB42CEF002499DB /* Frameworks */ = {
			isa = PBXFrameworksBuildPhase;
			buildActionMask = 2147483647;
			files = (
			);
			runOnlyForDeploymentPostprocessing = 0;
		};
/* End PBXFrameworksBuildPhase section */

/* Begin PBXGroup section */
		30FA6CC52AB42CEF002499DB = {
			isa = PBXGroup;
			children = (
				30FA6CD02AB42CEF002499DB /* Hike */,
				30FA6CCF2AB42CEF002499DB /* Products */,
			);
			sourceTree = "<group>";
		};
		30FA6CCF2AB42CEF002499DB /* Products */ = {
			isa = PBXGroup;
			children = (
				30FA6CCE2AB42CEF002499DB /* Hike.app */,
			);
			name = Products;
			sourceTree = "<group>";
		};
		30FA6CD02AB42CEF002499DB /* Hike */ = {
			isa = PBXGroup;
			children = (
				30FA6CE12AB4315B002499DB /* Component */,
				30FA6CE42AB43368002499DB /* Utility */,
				30FA6CD12AB42CEF002499DB /* HikeApp.swift */,
				30FA6CD52AB42CF1002499DB /* Assets.xcassets */,
				30FA6CD72AB42CF1002499DB /* Preview Content */,
				30FA6CEF2AB46918002499DB /* Screen */,
			);
			path = Hike;
			sourceTree = "<group>";
		};
		30FA6CD72AB42CF1002499DB /* Preview Content */ = {
			isa = PBXGroup;
			children = (
				30FA6CD82AB42CF1002499DB /* Preview Assets.xcassets */,
			);
			path = "Preview Content";
			sourceTree = "<group>";
		};
		30FA6CE12AB4315B002499DB /* Component */ = {
			isa = PBXGroup;
			children = (
				30FA6CDF2AB42F65002499DB /* CardView.swift */,
				30FA6CE22AB4319A002499DB /* CustomBackgroundView.swift */,
				30FA6CE72AB43BC3002499DB /* CustomButtonView.swift */,
				30FA6CEB2AB44A91002499DB /* CustomCircleView.swift */,
				30FA6CED2AB44CC7002499DB /* MotionAnimationView.swift */,
				30FA6CF22AB47688002499DB /* CustomListRowView.swift */,
			);
			path = Component;
			sourceTree = "<group>";
		};
		30FA6CE42AB43368002499DB /* Utility */ = {
			isa = PBXGroup;
			children = (
				30FA6CE52AB4338D002499DB /* ColorExtension.swift */,
				30FA6CE92AB443EF002499DB /* GadientButtonStyle.swift */,
			);
			path = Utility;
			sourceTree = "<group>";
		};
		30FA6CEF2AB46918002499DB /* Screen */ = {
			isa = PBXGroup;
			children = (
				30FA6CD32AB42CEF002499DB /* ContentView.swift */,
				30FA6CF02AB46933002499DB /* SettingsView.swift */,
			);
			path = Screen;
			sourceTree = "<group>";
		};
/* End PBXGroup section */

/* Begin PBXNativeTarget section */
		30FA6CCD2AB42CEF002499DB /* Hike */ = {
			isa = PBXNativeTarget;
			buildConfigurationList = 30FA6CDC2AB42CF1002499DB /* Build configuration list for PBXNativeTarget "Hike" */;
			buildPhases = (
				30FA6CCA2AB42CEF002499DB /* Sources */,
				30FA6CCB2AB42CEF002499DB /* Frameworks */,
				30FA6CCC2AB42CEF002499DB /* Resources */,
			);
			buildRules = (
			);
			dependencies = (
			);
			name = Hike;
			productName = Hike;
			productReference = 30FA6CCE2AB42CEF002499DB /* Hike.app */;
			productType = "com.apple.product-type.application";
		};
/* End PBXNativeTarget section */

/* Begin PBXProject section */
		30FA6CC62AB42CEF002499DB /* Project object */ = {
			isa = PBXProject;
			attributes = {
				BuildIndependentTargetsInParallel = 1;
				LastSwiftUpdateCheck = 1430;
				LastUpgradeCheck = 1430;
				TargetAttributes = {
					30FA6CCD2AB42CEF002499DB = {
						CreatedOnToolsVersion = 14.3.1;
					};
				};
			};
			buildConfigurationList = 30FA6CC92AB42CEF002499DB /* Build configuration list for PBXProject "Hike" */;
			compatibilityVersion = "Xcode 14.0";
			developmentRegion = en;
			hasScannedForEncodings = 0;
			knownRegions = (
				en,
				Base,
			);
			mainGroup = 30FA6CC52AB42CEF002499DB;
			productRefGroup = 30FA6CCF2AB42CEF002499DB /* Products */;
			projectDirPath = "";
			projectRoot = "";
			targets = (
				30FA6CCD2AB42CEF002499DB /* Hike */,
			);
		};
/* End PBXProject section */

/* Begin PBXResourcesBuildPhase section */
		30FA6CCC2AB42CEF002499DB /* Resources */ = {
			isa = PBXResourcesBuildPhase;
			buildActionMask = 2147483647;
			files = (
				30FA6CD92AB42CF1002499DB /* Preview Assets.xcassets in Resources */,
				30FA6CD62AB42CF1002499DB /* Assets.xcassets in Resources */,
			);
			runOnlyForDeploymentPostprocessing = 0;
		};
/* End PBXResourcesBuildPhase section */

/* Begin PBXSourcesBuildPhase section */
		30FA6CCA2AB42CEF002499DB /* Sources */ = {
			isa = PBXSourcesBuildPhase;
			buildActionMask = 2147483647;
			files = (
				30FA6CD42AB42CEF002499DB /* ContentView.swift in Sources */,
				30FA6CEC2AB44A91002499DB /* CustomCircleView.swift in Sources */,
				30FA6CF32AB47688002499DB /* CustomListRowView.swift in Sources */,
				30FA6CE02AB42F65002499DB /* CardView.swift in Sources */,
				30FA6CEA2AB443EF002499DB /* GadientButtonStyle.swift in Sources */,
				30FA6CD22AB42CEF002499DB /* HikeApp.swift in Sources */,
				30FA6CF12AB46933002499DB /* SettingsView.swift in Sources */,
				30FA6CE82AB43BC3002499DB /* CustomButtonView.swift in Sources */,
				30FA6CEE2AB44CC7002499DB /* MotionAnimationView.swift in Sources */,
				30FA6CE32AB4319A002499DB /* CustomBackgroundView.swift in Sources */,
				30FA6CE62AB4338D002499DB /* ColorExtension.swift in Sources */,
			);
			runOnlyForDeploymentPostprocessing = 0;
		};
/* End PBXSourcesBuildPhase section */

/* Begin XCBuildConfiguration section */
		30FA6CDA2AB42CF1002499DB /* Debug */ = {
			isa = XCBuildConfiguration;
			buildSettings = {
				ALWAYS_SEARCH_USER_PATHS = NO;
				CLANG_ANALYZER_NONNULL = YES;
				CLANG_ANALYZER_NUMBER_OBJECT_CONVERSION = YES_AGGRESSIVE;
				CLANG_CXX_LANGUAGE_STANDARD = "gnu++20";
				CLANG_ENABLE_MODULES = YES;
				CLANG_ENABLE_OBJC_ARC = YES;
				CLANG_ENABLE_OBJC_WEAK = YES;
				CLANG_WARN_BLOCK_CAPTURE_AUTORELEASING = YES;
				CLANG_WARN_BOOL_CONVERSION = YES;
				CLANG_WARN_COMMA = YES;
				CLANG_WARN_CONSTANT_CONVERSION = YES;
				CLANG_WARN_DEPRECATED_OBJC_IMPLEMENTATIONS = YES;
				CLANG_WARN_DIRECT_OBJC_ISA_USAGE = YES_ERROR;
				CLANG_WARN_DOCUMENTATION_COMMENTS = YES;
				CLANG_WARN_EMPTY_BODY = YES;
				CLANG_WARN_ENUM_CONVERSION = YES;
				CLANG_WARN_INFINITE_RECURSION = YES;
				CLANG_WARN_INT_CONVERSION = YES;
				CLANG_WARN_NON_LITERAL_NULL_CONVERSION = YES;
				CLANG_WARN_OBJC_IMPLICIT_RETAIN_SELF = YES;
				CLANG_WARN_OBJC_LITERAL_CONVERSION = YES;
				CLANG_WARN_OBJC_ROOT_CLASS = YES_ERROR;
				CLANG_WARN_QUOTED_INCLUDE_IN_FRAMEWORK_HEADER = YES;
				CLANG_WARN_RANGE_LOOP_ANALYSIS = YES;
				CLANG_WARN_STRICT_PROTOTYPES = YES;
				CLANG_WARN_SUSPICIOUS_MOVE = YES;
				CLANG_WARN_UNGUARDED_AVAILABILITY = YES_AGGRESSIVE;
				CLANG_WARN_UNREACHABLE_CODE = YES;
				CLANG_WARN__DUPLICATE_METHOD_MATCH = YES;
				COPY_PHASE_STRIP = NO;
				DEBUG_INFORMATION_FORMAT = dwarf;
				ENABLE_STRICT_OBJC_MSGSEND = YES;
				ENABLE_TESTABILITY = YES;
				GCC_C_LANGUAGE_STANDARD = gnu11;
				GCC_DYNAMIC_NO_PIC = NO;
				GCC_NO_COMMON_BLOCKS = YES;
				GCC_OPTIMIZATION_LEVEL = 0;
				GCC_PREPROCESSOR_DEFINITIONS = (
					"DEBUG=1",
					"$(inherited)",
				);
				GCC_WARN_64_TO_32_BIT_CONVERSION = YES;
				GCC_WARN_ABOUT_RETURN_TYPE = YES_ERROR;
				GCC_WARN_UNDECLARED_SELECTOR = YES;
				GCC_WARN_UNINITIALIZED_AUTOS = YES_AGGRESSIVE;
				GCC_WARN_UNUSED_FUNCTION = YES;
				GCC_WARN_UNUSED_VARIABLE = YES;
				IPHONEOS_DEPLOYMENT_TARGET = 16.4;
				MTL_ENABLE_DEBUG_INFO = INCLUDE_SOURCE;
				MTL_FAST_MATH = YES;
				ONLY_ACTIVE_ARCH = YES;
				SDKROOT = iphoneos;
				SWIFT_ACTIVE_COMPILATION_CONDITIONS = DEBUG;
				SWIFT_OPTIMIZATION_LEVEL = "-Onone";
			};
			name = Debug;
		};
		30FA6CDB2AB42CF1002499DB /* Release */ = {
			isa = XCBuildConfiguration;
			buildSettings = {
				ALWAYS_SEARCH_USER_PATHS = NO;
				CLANG_ANALYZER_NONNULL = YES;
				CLANG_ANALYZER_NUMBER_OBJECT_CONVERSION = YES_AGGRESSIVE;
				CLANG_CXX_LANGUAGE_STANDARD = "gnu++20";
				CLANG_ENABLE_MODULES = YES;
				CLANG_ENABLE_OBJC_ARC = YES;
				CLANG_ENABLE_OBJC_WEAK = YES;
				CLANG_WARN_BLOCK_CAPTURE_AUTORELEASING = YES;
				CLANG_WARN_BOOL_CONVERSION = YES;
				CLANG_WARN_COMMA = YES;
				CLANG_WARN_CONSTANT_CONVERSION = YES;
				CLANG_WARN_DEPRECATED_OBJC_IMPLEMENTATIONS = YES;
				CLANG_WARN_DIRECT_OBJC_ISA_USAGE = YES_ERROR;
				CLANG_WARN_DOCUMENTATION_COMMENTS = YES;
				CLANG_WARN_EMPTY_BODY = YES;
				CLANG_WARN_ENUM_CONVERSION = YES;
				CLANG_WARN_INFINITE_RECURSION = YES;
				CLANG_WARN_INT_CONVERSION = YES;
				CLANG_WARN_NON_LITERAL_NULL_CONVERSION = YES;
				CLANG_WARN_OBJC_IMPLICIT_RETAIN_SELF = YES;
				CLANG_WARN_OBJC_LITERAL_CONVERSION = YES;
				CLANG_WARN_OBJC_ROOT_CLASS = YES_ERROR;
				CLANG_WARN_QUOTED_INCLUDE_IN_FRAMEWORK_HEADER = YES;
				CLANG_WARN_RANGE_LOOP_ANALYSIS = YES;
				CLANG_WARN_STRICT_PROTOTYPES = YES;
				CLANG_WARN_SUSPICIOUS_MOVE = YES;
				CLANG_WARN_UNGUARDED_AVAILABILITY = YES_AGGRESSIVE;
				CLANG_WARN_UNREACHABLE_CODE = YES;
				CLANG_WARN__DUPLICATE_METHOD_MATCH = YES;
				COPY_PHASE_STRIP = NO;
				DEBUG_INFORMATION_FORMAT = "dwarf-with-dsym";
				ENABLE_NS_ASSERTIONS = NO;
				ENABLE_STRICT_OBJC_MSGSEND = YES;
				GCC_C_LANGUAGE_STANDARD = gnu11;
				GCC_NO_COMMON_BLOCKS = YES;
				GCC_WARN_64_TO_32_BIT_CONVERSION = YES;
				GCC_WARN_ABOUT_RETURN_TYPE = YES_ERROR;
				GCC_WARN_UNDECLARED_SELECTOR = YES;
				GCC_WARN_UNINITIALIZED_AUTOS = YES_AGGRESSIVE;
				GCC_WARN_UNUSED_FUNCTION = YES;
				GCC_WARN_UNUSED_VARIABLE = YES;
				IPHONEOS_DEPLOYMENT_TARGET = 16.4;
				MTL_ENABLE_DEBUG_INFO = NO;
				MTL_FAST_MATH = YES;
				SDKROOT = iphoneos;
				SWIFT_COMPILATION_MODE = wholemodule;
				SWIFT_OPTIMIZATION_LEVEL = "-O";
				VALIDATE_PRODUCT = YES;
			};
			name = Release;
		};
		30FA6CDD2AB42CF1002499DB /* Debug */ = {
			isa = XCBuildConfiguration;
			buildSettings = {
				ASSETCATALOG_COMPILER_ALTERNATE_APPICON_NAMES = "AppIcon-Backpack AppIcon-Mushroom AppIcon-Campfire AppIcon-Map AppIcon-Camera AppIcon-MagnifyingGlass";
				ASSETCATALOG_COMPILER_APPICON_NAME = AppIcon;
				ASSETCATALOG_COMPILER_GLOBAL_ACCENT_COLOR_NAME = AccentColor;
				ASSETCATALOG_COMPILER_INCLUDE_ALL_APPICON_ASSETS = YES;
				CODE_SIGN_STYLE = Automatic;
				CURRENT_PROJECT_VERSION = 1;
				DEVELOPMENT_ASSET_PATHS = "\"Hike/Preview Content\"";
				DEVELOPMENT_TEAM = Y28627RSMM;
				ENABLE_PREVIEWS = YES;
				GENERATE_INFOPLIST_FILE = YES;
				INFOPLIST_KEY_UIApplicationSceneManifest_Generation = YES;
				INFOPLIST_KEY_UIApplicationSupportsIndirectInputEvents = YES;
				INFOPLIST_KEY_UILaunchScreen_Generation = YES;
				INFOPLIST_KEY_UISupportedInterfaceOrientations_iPad = "UIInterfaceOrientationPortrait UIInterfaceOrientationPortraitUpsideDown UIInterfaceOrientationLandscapeLeft UIInterfaceOrientationLandscapeRight";
				INFOPLIST_KEY_UISupportedInterfaceOrientations_iPhone = "UIInterfaceOrientationPortrait UIInterfaceOrientationLandscapeLeft UIInterfaceOrientationLandscapeRight";
				LD_RUNPATH_SEARCH_PATHS = (
					"$(inherited)",
					"@executable_path/Frameworks",
				);
				MARKETING_VERSION = 1.0;
				PRODUCT_BUNDLE_IDENTIFIER = com.prathap.Hike;
				PRODUCT_NAME = "$(TARGET_NAME)";
				SWIFT_EMIT_LOC_STRINGS = YES;
				SWIFT_VERSION = 5.0;
				TARGETED_DEVICE_FAMILY = "1,2";
			};
			name = Debug;
		};
		30FA6CDE2AB42CF1002499DB /* Release */ = {
			isa = XCBuildConfiguration;
			buildSettings = {
				ASSETCATALOG_COMPILER_ALTERNATE_APPICON_NAMES = "AppIcon-Backpack AppIcon-Mushroom AppIcon-Campfire AppIcon-Map AppIcon-Camera AppIcon-MagnifyingGlass";
				ASSETCATALOG_COMPILER_APPICON_NAME = AppIcon;
				ASSETCATALOG_COMPILER_GLOBAL_ACCENT_COLOR_NAME = AccentColor;
				ASSETCATALOG_COMPILER_INCLUDE_ALL_APPICON_ASSETS = YES;
				CODE_SIGN_STYLE = Automatic;
				CURRENT_PROJECT_VERSION = 1;
				DEVELOPMENT_ASSET_PATHS = "\"Hike/Preview Content\"";
				DEVELOPMENT_TEAM = Y28627RSMM;
				ENABLE_PREVIEWS = YES;
				GENERATE_INFOPLIST_FILE = YES;
				INFOPLIST_KEY_UIApplicationSceneManifest_Generation = YES;
				INFOPLIST_KEY_UIApplicationSupportsIndirectInputEvents = YES;
				INFOPLIST_KEY_UILaunchScreen_Generation = YES;
				INFOPLIST_KEY_UISupportedInterfaceOrientations_iPad = "UIInterfaceOrientationPortrait UIInterfaceOrientationPortraitUpsideDown UIInterfaceOrientationLandscapeLeft UIInterfaceOrientationLandscapeRight";
				INFOPLIST_KEY_UISupportedInterfaceOrientations_iPhone = "UIInterfaceOrientationPortrait UIInterfaceOrientationLandscapeLeft UIInterfaceOrientationLandscapeRight";
				LD_RUNPATH_SEARCH_PATHS = (
					"$(inherited)",
					"@executable_path/Frameworks",
				);
				MARKETING_VERSION = 1.0;
				PRODUCT_BUNDLE_IDENTIFIER = com.prathap.Hike;
				PRODUCT_NAME = "$(TARGET_NAME)";
				SWIFT_EMIT_LOC_STRINGS = YES;
				SWIFT_VERSION = 5.0;
				TARGETED_DEVICE_FAMILY = "1,2";
			};
			name = Release;
		};
/* End XCBuildConfiguration section */

/* Begin XCConfigurationList section */
		30FA6CC92AB42CEF002499DB /* Build configuration list for PBXProject "Hike" */ = {
			isa = XCConfigurationList;
			buildConfigurations = (
				30FA6CDA2AB42CF1002499DB /* Debug */,
				30FA6CDB2AB42CF1002499DB /* Release */,
			);
			defaultConfigurationIsVisible = 0;
			defaultConfigurationName = Release;
		};
		30FA6CDC2AB42CF1002499DB /* Build configuration list for PBXNativeTarget "Hike" */ = {
			isa = XCConfigurationList;
			buildConfigurations = (
				30FA6CDD2AB42CF1002499DB /* Debug */,
				30FA6CDE2AB42CF1002499DB /* Release */,
			);
			defaultConfigurationIsVisible = 0;
			defaultConfigurationName = Release;
		};
/* End XCConfigurationList section */
	};
	rootObject = 30FA6CC62AB42CEF002499DB /* Project object */;
}
